
Microsoft Visual Studio Solution File, Format Version 12.00
# Visual Studio Version 17
VisualStudioVersion = 17.7.34018.315
MinimumVisualStudioVersion = 10.0.40219.1
Project("{FAE04EC0-301F-11D3-BF4B-00C04F79EFBC}") = "Inlämning5.3", "Inlämning5.3\Inlämning5.3.csproj", "{99053976-D619-4305-821A-5363A3D0ADF4}"
EndProject
Global
	GlobalSection(SolutionConfigurationPlatforms) = preSolution
		Debug|Any CPU = Debug|Any CPU
		Release|Any CPU = Release|Any CPU
	EndGlobalSection
	GlobalSection(ProjectConfigurationPlatforms) = postSolution
		{99053976-D619-4305-821A-5363A3D0ADF4}.Debug|Any CPU.ActiveCfg = Debug|Any CPU
		{99053976-D619-4305-821A-5363A3D0ADF4}.Debug|Any CPU.Build.0 = Debug|Any CPU
		{99053976-D619-4305-821A-5363A3D0ADF4}.Release|Any CPU.ActiveCfg = Release|Any CPU
		{99053976-D619-4305-821A-5363A3D0ADF4}.Release|Any CPU.Build.0 = Release|Any CPU
	EndGlobalSection
	GlobalSection(SolutionProperties) = preSolution
		HideSolutionNode = FALSE
	EndGlobalSection
	GlobalSection(ExtensibilityGlobals) = postSolution
		SolutionGuid = {60CC2676-0A71-4AA4-98B3-928A06AF296C}
	EndGlobalSection
EndGlobal
